
Microsoft Visual Studio Solution File, Format Version 12.00
Project("{FAE04EC0-301F-11D3-BF4B-00C04F79EFBC}") = "FTP_console", "FTP_console.csproj", "{04ED9BB0-268B-4678-9925-2A1D3720D0AB}"
EndProject
Global
	GlobalSection(SolutionConfigurationPlatforms) = preSolution
		Debug|Any CPU = Debug|Any CPU
		Release|Any CPU = Release|Any CPU
	EndGlobalSection
	GlobalSection(ProjectConfigurationPlatforms) = postSolution
		{04ED9BB0-268B-4678-9925-2A1D3720D0AB}.Debug|Any CPU.ActiveCfg = Debug|Any CPU
		{04ED9BB0-268B-4678-9925-2A1D3720D0AB}.Debug|Any CPU.Build.0 = Debug|Any CPU
		{04ED9BB0-268B-4678-9925-2A1D3720D0AB}.Release|Any CPU.ActiveCfg = Release|Any CPU
		{04ED9BB0-268B-4678-9925-2A1D3720D0AB}.Release|Any CPU.Build.0 = Release|Any CPU
	EndGlobalSection
EndGlobal
